// !$*UTF8*$!
{
	archiveVersion = 1;
	classes = {
	};
	objectVersion = 56;
	objects = {

/* Begin PBXBuildFile section */
		501872D629E4E3AD00701116 /* Git_submodulesApp.swift in Sources */ = {isa = PBXBuildFile; fileRef = 501872D529E4E3AD00701116 /* Git_submodulesApp.swift */; };
		501872D829E4E3AD00701116 /* ContentView.swift in Sources */ = {isa = PBXBuildFile; fileRef = 501872D729E4E3AD00701116 /* ContentView.swift */; };
		501872DA29E4E3AF00701116 /* Assets.xcassets in Resources */ = {isa = PBXBuildFile; fileRef = 501872D929E4E3AF00701116 /* Assets.xcassets */; };
		501872DD29E4E3AF00701116 /* Preview Assets.xcassets in Resources */ = {isa = PBXBuildFile; fileRef = 501872DC29E4E3AF00701116 /* Preview Assets.xcassets */; };
		501872EA29E4E94800701116 /* README.md in Resources */ = {isa = PBXBuildFile; fileRef = 501872E929E4E94700701116 /* README.md */; };
		501872ED29E4EF7800701116 /* SubComponents in Frameworks */ = {isa = PBXBuildFile; productRef = 501872EC29E4EF7800701116 /* SubComponents */; };
/* End PBXBuildFile section */

/* Begin PBXFileReference section */
		501872D229E4E3AD00701116 /* Git_submodules.app */ = {isa = PBXFileReference; explicitFileType = wrapper.application; includeInIndex = 0; path = Git_submodules.app; sourceTree = BUILT_PRODUCTS_DIR; };
		501872D529E4E3AD00701116 /* Git_submodulesApp.swift */ = {isa = PBXFileReference; lastKnownFileType = sourcecode.swift; path = Git_submodulesApp.swift; sourceTree = "<group>"; };
		501872D729E4E3AD00701116 /* ContentView.swift */ = {isa = PBXFileReference; lastKnownFileType = sourcecode.swift; path = ContentView.swift; sourceTree = "<group>"; };
		501872D929E4E3AF00701116 /* Assets.xcassets */ = {isa = PBXFileReference; lastKnownFileType = folder.assetcatalog; path = Assets.xcassets; sourceTree = "<group>"; };
		501872DC29E4E3AF00701116 /* Preview Assets.xcassets */ = {isa = PBXFileReference; lastKnownFileType = folder.assetcatalog; path = "Preview Assets.xcassets"; sourceTree = "<group>"; };
		501872E929E4E94700701116 /* README.md */ = {isa = PBXFileReference; lastKnownFileType = net.daringfireball.markdown; path = README.md; sourceTree = "<group>"; };
		502F830C29E4FAC800B55BBD /* Subcomponents */ = {isa = PBXFileReference; lastKnownFileType = wrapper; name = Subcomponents; path = ../Subcomponents; sourceTree = "<group>"; };
/* End PBXFileReference section */

/* Begin PBXFrameworksBuildPhase section */
		501872CF29E4E3AD00701116 /* Frameworks */ = {
			isa = PBXFrameworksBuildPhase;
			buildActionMask = 2147483647;
			files = (
				501872ED29E4EF7800701116 /* SubComponents in Frameworks */,
			);
			runOnlyForDeploymentPostprocessing = 0;
		};
/* End PBXFrameworksBuildPhase section */

/* Begin PBXGroup section */
		501872C929E4E3AD00701116 = {
			isa = PBXGroup;
			children = (
				502F830C29E4FAC800B55BBD /* Subcomponents */,
				501872E929E4E94700701116 /* README.md */,
				501872D429E4E3AD00701116 /* Git_submodules */,
				501872D329E4E3AD00701116 /* Products */,
				501872E629E4E69700701116 /* Frameworks */,
			);
			sourceTree = "<group>";
		};
		501872D329E4E3AD00701116 /* Products */ = {
			isa = PBXGroup;
			children = (
				501872D229E4E3AD00701116 /* Git_submodules.app */,
			);
			name = Products;
			sourceTree = "<group>";
		};
		501872D429E4E3AD00701116 /* Git_submodules */ = {
			isa = PBXGroup;
			children = (
				501872D529E4E3AD00701116 /* Git_submodulesApp.swift */,
				501872D729E4E3AD00701116 /* ContentView.swift */,
				501872D929E4E3AF00701116 /* Assets.xcassets */,
				501872DB29E4E3AF00701116 /* Preview Content */,
			);
			path = Git_submodules;
			sourceTree = "<group>";
		};
		501872DB29E4E3AF00701116 /* Preview Content */ = {
			isa = PBXGroup;
			children = (
				501872DC29E4E3AF00701116 /* Preview Assets.xcassets */,
			);
			path = "Preview Content";
			sourceTree = "<group>";
		};
		501872E629E4E69700701116 /* Frameworks */ = {
			isa = PBXGroup;
			children = (
			);
			name = Frameworks;
			sourceTree = "<group>";
		};
/* End PBXGroup section */

/* Begin PBXNativeTarget section */
		501872D129E4E3AD00701116 /* Git_submodules */ = {
			isa = PBXNativeTarget;
			buildConfigurationList = 501872E029E4E3AF00701116 /* Build configuration list for PBXNativeTarget "Git_submodules" */;
			buildPhases = (
				501872CE29E4E3AD00701116 /* Sources */,
				501872CF29E4E3AD00701116 /* Frameworks */,
				501872D029E4E3AD00701116 /* Resources */,
			);
			buildRules = (
			);
			dependencies = (
			);
			name = Git_submodules;
			packageProductDependencies = (
				501872EC29E4EF7800701116 /* SubComponents */,
			);
			productName = Git_submodules;
			productReference = 501872D229E4E3AD00701116 /* Git_submodules.app */;
			productType = "com.apple.product-type.application";
		};
/* End PBXNativeTarget section */

/* Begin PBXProject section */
		501872CA29E4E3AD00701116 /* Project object */ = {
			isa = PBXProject;
			attributes = {
				BuildIndependentTargetsInParallel = 1;
				LastSwiftUpdateCheck = 1420;
				LastUpgradeCheck = 1420;
				TargetAttributes = {
					501872D129E4E3AD00701116 = {
						CreatedOnToolsVersion = 14.2;
					};
				};
			};
			buildConfigurationList = 501872CD29E4E3AD00701116 /* Build configuration list for PBXProject "Git_submodules" */;
			compatibilityVersion = "Xcode 14.0";
			developmentRegion = en;
			hasScannedForEncodings = 0;
			knownRegions = (
				en,
				Base,
			);
			mainGroup = 501872C929E4E3AD00701116;
			packageReferences = (
				501872EB29E4EF7800701116 /* XCRemoteSwiftPackageReference "Subcomponents" */,
			);
			productRefGroup = 501872D329E4E3AD00701116 /* Products */;
			projectDirPath = "";
			projectRoot = "";
			targets = (
				501872D129E4E3AD00701116 /* Git_submodules */,
			);
		};
/* End PBXProject section */

/* Begin PBXResourcesBuildPhase section */
		501872D029E4E3AD00701116 /* Resources */ = {
			isa = PBXResourcesBuildPhase;
			buildActionMask = 2147483647;
			files = (
				501872EA29E4E94800701116 /* README.md in Resources */,
				501872DD29E4E3AF00701116 /* Preview Assets.xcassets in Resources */,
				501872DA29E4E3AF00701116 /* Assets.xcassets in Resources */,
			);
			runOnlyForDeploymentPostprocessing = 0;
		};
/* End PBXResourcesBuildPhase section */

/* Begin PBXSourcesBuildPhase section */
		501872CE29E4E3AD00701116 /* Sources */ = {
			isa = PBXSourcesBuildPhase;
			buildActionMask = 2147483647;
			files = (
				501872D829E4E3AD00701116 /* ContentView.swift in Sources */,
				501872D629E4E3AD00701116 /* Git_submodulesApp.swift in Sources */,
			);
			runOnlyForDeploymentPostprocessing = 0;
		};
/* End PBXSourcesBuildPhase section */

/* Begin XCBuildConfiguration section */
		501872DE29E4E3AF00701116 /* Debug */ = {
			isa = XCBuildConfiguration;
			buildSettings = {
				ALWAYS_SEARCH_USER_PATHS = NO;
				CLANG_ANALYZER_NONNULL = YES;
				CLANG_ANALYZER_NUMBER_OBJECT_CONVERSION = YES_AGGRESSIVE;
				CLANG_CXX_LANGUAGE_STANDARD = "gnu++20";
				CLANG_ENABLE_MODULES = YES;
				CLANG_ENABLE_OBJC_ARC = YES;
				CLANG_ENABLE_OBJC_WEAK = YES;
				CLANG_WARN_BLOCK_CAPTURE_AUTORELEASING = YES;
				CLANG_WARN_BOOL_CONVERSION = YES;
				CLANG_WARN_COMMA = YES;
				CLANG_WARN_CONSTANT_CONVERSION = YES;
				CLANG_WARN_DEPRECATED_OBJC_IMPLEMENTATIONS = YES;
				CLANG_WARN_DIRECT_OBJC_ISA_USAGE = YES_ERROR;
				CLANG_WARN_DOCUMENTATION_COMMENTS = YES;
				CLANG_WARN_EMPTY_BODY = YES;
				CLANG_WARN_ENUM_CONVERSION = YES;
				CLANG_WARN_INFINITE_RECURSION = YES;
				CLANG_WARN_INT_CONVERSION = YES;
				CLANG_WARN_NON_LITERAL_NULL_CONVERSION = YES;
				CLANG_WARN_OBJC_IMPLICIT_RETAIN_SELF = YES;
				CLANG_WARN_OBJC_LITERAL_CONVERSION = YES;
				CLANG_WARN_OBJC_ROOT_CLASS = YES_ERROR;
				CLANG_WARN_QUOTED_INCLUDE_IN_FRAMEWORK_HEADER = YES;
				CLANG_WARN_RANGE_LOOP_ANALYSIS = YES;
				CLANG_WARN_STRICT_PROTOTYPES = YES;
				CLANG_WARN_SUSPICIOUS_MOVE = YES;
				CLANG_WARN_UNGUARDED_AVAILABILITY = YES_AGGRESSIVE;
				CLANG_WARN_UNREACHABLE_CODE = YES;
				CLANG_WARN__DUPLICATE_METHOD_MATCH = YES;
				COPY_PHASE_STRIP = NO;
				DEBUG_INFORMATION_FORMAT = dwarf;
				ENABLE_STRICT_OBJC_MSGSEND = YES;
				ENABLE_TESTABILITY = YES;
				GCC_C_LANGUAGE_STANDARD = gnu11;
				GCC_DYNAMIC_NO_PIC = NO;
				GCC_NO_COMMON_BLOCKS = YES;
				GCC_OPTIMIZATION_LEVEL = 0;
				GCC_PREPROCESSOR_DEFINITIONS = (
					"DEBUG=1",
					"$(inherited)",
				);
				GCC_WARN_64_TO_32_BIT_CONVERSION = YES;
				GCC_WARN_ABOUT_RETURN_TYPE = YES_ERROR;
				GCC_WARN_UNDECLARED_SELECTOR = YES;
				GCC_WARN_UNINITIALIZED_AUTOS = YES_AGGRESSIVE;
				GCC_WARN_UNUSED_FUNCTION = YES;
				GCC_WARN_UNUSED_VARIABLE = YES;
				IPHONEOS_DEPLOYMENT_TARGET = 16.2;
				MTL_ENABLE_DEBUG_INFO = INCLUDE_SOURCE;
				MTL_FAST_MATH = YES;
				ONLY_ACTIVE_ARCH = YES;
				SDKROOT = iphoneos;
				SWIFT_ACTIVE_COMPILATION_CONDITIONS = DEBUG;
				SWIFT_OPTIMIZATION_LEVEL = "-Onone";
			};
			name = Debug;
		};
		501872DF29E4E3AF00701116 /* Release */ = {
			isa = XCBuildConfiguration;
			buildSettings = {
				ALWAYS_SEARCH_USER_PATHS = NO;
				CLANG_ANALYZER_NONNULL = YES;
				CLANG_ANALYZER_NUMBER_OBJECT_CONVERSION = YES_AGGRESSIVE;
				CLANG_CXX_LANGUAGE_STANDARD = "gnu++20";
				CLANG_ENABLE_MODULES = YES;
				CLANG_ENABLE_OBJC_ARC = YES;
				CLANG_ENABLE_OBJC_WEAK = YES;
				CLANG_WARN_BLOCK_CAPTURE_AUTORELEASING = YES;
				CLANG_WARN_BOOL_CONVERSION = YES;
				CLANG_WARN_COMMA = YES;
				CLANG_WARN_CONSTANT_CONVERSION = YES;
				CLANG_WARN_DEPRECATED_OBJC_IMPLEMENTATIONS = YES;
				CLANG_WARN_DIRECT_OBJC_ISA_USAGE = YES_ERROR;
				CLANG_WARN_DOCUMENTATION_COMMENTS = YES;
				CLANG_WARN_EMPTY_BODY = YES;
				CLANG_WARN_ENUM_CONVERSION = YES;
				CLANG_WARN_INFINITE_RECURSION = YES;
				CLANG_WARN_INT_CONVERSION = YES;
				CLANG_WARN_NON_LITERAL_NULL_CONVERSION = YES;
				CLANG_WARN_OBJC_IMPLICIT_RETAIN_SELF = YES;
				CLANG_WARN_OBJC_LITERAL_CONVERSION = YES;
				CLANG_WARN_OBJC_ROOT_CLASS = YES_ERROR;
				CLANG_WARN_QUOTED_INCLUDE_IN_FRAMEWORK_HEADER = YES;
				CLANG_WARN_RANGE_LOOP_ANALYSIS = YES;
				CLANG_WARN_STRICT_PROTOTYPES = YES;
				CLANG_WARN_SUSPICIOUS_MOVE = YES;
				CLANG_WARN_UNGUARDED_AVAILABILITY = YES_AGGRESSIVE;
				CLANG_WARN_UNREACHABLE_CODE = YES;
				CLANG_WARN__DUPLICATE_METHOD_MATCH = YES;
				COPY_PHASE_STRIP = NO;
				DEBUG_INFORMATION_FORMAT = "dwarf-with-dsym";
				ENABLE_NS_ASSERTIONS = NO;
				ENABLE_STRICT_OBJC_MSGSEND = YES;
				GCC_C_LANGUAGE_STANDARD = gnu11;
				GCC_NO_COMMON_BLOCKS = YES;
				GCC_WARN_64_TO_32_BIT_CONVERSION = YES;
				GCC_WARN_ABOUT_RETURN_TYPE = YES_ERROR;
				GCC_WARN_UNDECLARED_SELECTOR = YES;
				GCC_WARN_UNINITIALIZED_AUTOS = YES_AGGRESSIVE;
				GCC_WARN_UNUSED_FUNCTION = YES;
				GCC_WARN_UNUSED_VARIABLE = YES;
				IPHONEOS_DEPLOYMENT_TARGET = 16.2;
				MTL_ENABLE_DEBUG_INFO = NO;
				MTL_FAST_MATH = YES;
				SDKROOT = iphoneos;
				SWIFT_COMPILATION_MODE = wholemodule;
				SWIFT_OPTIMIZATION_LEVEL = "-O";
				VALIDATE_PRODUCT = YES;
			};
			name = Release;
		};
		501872E129E4E3AF00701116 /* Debug */ = {
			isa = XCBuildConfiguration;
			buildSettings = {
				ASSETCATALOG_COMPILER_APPICON_NAME = AppIcon;
				ASSETCATALOG_COMPILER_GLOBAL_ACCENT_COLOR_NAME = AccentColor;
				CODE_SIGN_STYLE = Automatic;
				CURRENT_PROJECT_VERSION = 1;
				DEVELOPMENT_ASSET_PATHS = "\"Git_submodules/Preview Content\"";
				DEVELOPMENT_TEAM = CE53774E6S;
				ENABLE_PREVIEWS = YES;
				GENERATE_INFOPLIST_FILE = YES;
				INFOPLIST_KEY_UIApplicationSceneManifest_Generation = YES;
				INFOPLIST_KEY_UIApplicationSupportsIndirectInputEvents = YES;
				INFOPLIST_KEY_UILaunchScreen_Generation = YES;
				INFOPLIST_KEY_UISupportedInterfaceOrientations_iPad = "UIInterfaceOrientationPortrait UIInterfaceOrientationPortraitUpsideDown UIInterfaceOrientationLandscapeLeft UIInterfaceOrientationLandscapeRight";
				INFOPLIST_KEY_UISupportedInterfaceOrientations_iPhone = "UIInterfaceOrientationPortrait UIInterfaceOrientationLandscapeLeft UIInterfaceOrientationLandscapeRight";
				LD_RUNPATH_SEARCH_PATHS = (
					"$(inherited)",
					"@executable_path/Frameworks",
				);
				MARKETING_VERSION = 1.0;
				PRODUCT_BUNDLE_IDENTIFIER = "com.machx20.dynamiclink.Git-submodules";
				PRODUCT_NAME = "$(TARGET_NAME)";
				SWIFT_EMIT_LOC_STRINGS = YES;
				SWIFT_VERSION = 5.0;
				TARGETED_DEVICE_FAMILY = "1,2";
			};
			name = Debug;
		};
		501872E229E4E3AF00701116 /* Release */ = {
			isa = XCBuildConfiguration;
			buildSettings = {
				ASSETCATALOG_COMPILER_APPICON_NAME = AppIcon;
				ASSETCATALOG_COMPILER_GLOBAL_ACCENT_COLOR_NAME = AccentColor;
				CODE_SIGN_STYLE = Automatic;
				CURRENT_PROJECT_VERSION = 1;
				DEVELOPMENT_ASSET_PATHS = "\"Git_submodules/Preview Content\"";
				DEVELOPMENT_TEAM = CE53774E6S;
				ENABLE_PREVIEWS = YES;
				GENERATE_INFOPLIST_FILE = YES;
				INFOPLIST_KEY_UIApplicationSceneManifest_Generation = YES;
				INFOPLIST_KEY_UIApplicationSupportsIndirectInputEvents = YES;
				INFOPLIST_KEY_UILaunchScreen_Generation = YES;
				INFOPLIST_KEY_UISupportedInterfaceOrientations_iPad = "UIInterfaceOrientationPortrait UIInterfaceOrientationPortraitUpsideDown UIInterfaceOrientationLandscapeLeft UIInterfaceOrientationLandscapeRight";
				INFOPLIST_KEY_UISupportedInterfaceOrientations_iPhone = "UIInterfaceOrientationPortrait UIInterfaceOrientationLandscapeLeft UIInterfaceOrientationLandscapeRight";
				LD_RUNPATH_SEARCH_PATHS = (
					"$(inherited)",
					"@executable_path/Frameworks",
				);
				MARKETING_VERSION = 1.0;
				PRODUCT_BUNDLE_IDENTIFIER = "com.machx20.dynamiclink.Git-submodules";
				PRODUCT_NAME = "$(TARGET_NAME)";
				SWIFT_EMIT_LOC_STRINGS = YES;
				SWIFT_VERSION = 5.0;
				TARGETED_DEVICE_FAMILY = "1,2";
			};
			name = Release;
		};
/* End XCBuildConfiguration section */

/* Begin XCConfigurationList section */
		501872CD29E4E3AD00701116 /* Build configuration list for PBXProject "Git_submodules" */ = {
			isa = XCConfigurationList;
			buildConfigurations = (
				501872DE29E4E3AF00701116 /* Debug */,
				501872DF29E4E3AF00701116 /* Release */,
			);
			defaultConfigurationIsVisible = 0;
			defaultConfigurationName = Release;
		};
		501872E029E4E3AF00701116 /* Build configuration list for PBXNativeTarget "Git_submodules" */ = {
			isa = XCConfigurationList;
			buildConfigurations = (
				501872E129E4E3AF00701116 /* Debug */,
				501872E229E4E3AF00701116 /* Release */,
			);
			defaultConfigurationIsVisible = 0;
			defaultConfigurationName = Release;
		};
/* End XCConfigurationList section */

/* Begin XCRemoteSwiftPackageReference section */
		501872EB29E4EF7800701116 /* XCRemoteSwiftPackageReference "Subcomponents" */ = {
			isa = XCRemoteSwiftPackageReference;
			repositoryURL = "git@github.com:nitanta/Subcomponents.git";
			requirement = {
				branch = main;
				kind = branch;
			};
		};
/* End XCRemoteSwiftPackageReference section */

/* Begin XCSwiftPackageProductDependency section */
		501872EC29E4EF7800701116 /* SubComponents */ = {
			isa = XCSwiftPackageProductDependency;
			package = 501872EB29E4EF7800701116 /* XCRemoteSwiftPackageReference "Subcomponents" */;
			productName = SubComponents;
		};
/* End XCSwiftPackageProductDependency section */
	};
	rootObject = 501872CA29E4E3AD00701116 /* Project object */;
}
